
Microsoft Visual Studio Solution File, Format Version 12.00
# Visual Studio Version 17
VisualStudioVersion = 17.14.36121.58 d17.14
MinimumVisualStudioVersion = 10.0.40219.1
Project("{FAE04EC0-301F-11D3-BF4B-00C04F79EFBC}") = "BlackoutGuardian.Console", "BlackoutGuardian.Console\BlackoutGuardian.Console.csproj", "{7CC99A56-7755-46C6-870A-A11E00C72340}"
EndProject
Global
	GlobalSection(SolutionConfigurationPlatforms) = preSolution
		Debug|Any CPU = Debug|Any CPU
		Release|Any CPU = Release|Any CPU
	EndGlobalSection
	GlobalSection(ProjectConfigurationPlatforms) = postSolution
		{7CC99A56-7755-46C6-870A-A11E00C72340}.Debug|Any CPU.ActiveCfg = Debug|Any CPU
		{7CC99A56-7755-46C6-870A-A11E00C72340}.Debug|Any CPU.Build.0 = Debug|Any CPU
		{7CC99A56-7755-46C6-870A-A11E00C72340}.Release|Any CPU.ActiveCfg = Release|Any CPU
		{7CC99A56-7755-46C6-870A-A11E00C72340}.Release|Any CPU.Build.0 = Release|Any CPU
	EndGlobalSection
	GlobalSection(SolutionProperties) = preSolution
		HideSolutionNode = FALSE
	EndGlobalSection
	GlobalSection(ExtensibilityGlobals) = postSolution
		SolutionGuid = {4110D789-65CC-4BFB-B67A-7099EC78C176}
	EndGlobalSection
EndGlobal
